
Microsoft Visual Studio Solution File, Format Version 12.00
# Visual Studio 2012
Project("{FAE04EC0-301F-11D3-BF4B-00C04F79EFBC}") = "SCPNetTopologySubmitter", "SCPNetTopologySubmitter.csproj", "{6FB31BC3-35A8-4873-BF49-15675102C720}"
EndProject
Global
	GlobalSection(SolutionConfigurationPlatforms) = preSolution
		Debug|Any CPU = Debug|Any CPU
		Release|Any CPU = Release|Any CPU
	EndGlobalSection
	GlobalSection(ProjectConfigurationPlatforms) = postSolution
		{6FB31BC3-35A8-4873-BF49-15675102C720}.Debug|Any CPU.ActiveCfg = Debug|Any CPU
		{6FB31BC3-35A8-4873-BF49-15675102C720}.Debug|Any CPU.Build.0 = Debug|Any CPU
		{6FB31BC3-35A8-4873-BF49-15675102C720}.Release|Any CPU.ActiveCfg = Release|Any CPU
		{6FB31BC3-35A8-4873-BF49-15675102C720}.Release|Any CPU.Build.0 = Release|Any CPU
	EndGlobalSection
	GlobalSection(SolutionProperties) = preSolution
		HideSolutionNode = FALSE
	EndGlobalSection
EndGlobal
