
Microsoft Visual Studio Solution File, Format Version 11.00
# Visual Studio 2010
Project("{FAE04EC0-301F-11D3-BF4B-00C04F79EFBC}") = "HelloWorldTx", "HelloWorldTx.csproj", "{63915C5B-7AB9-49C8-98D9-F11C3F605D42}"
EndProject
Global
	GlobalSection(SolutionConfigurationPlatforms) = preSolution
		Debug|Any CPU = Debug|Any CPU
		Release|Any CPU = Release|Any CPU
	EndGlobalSection
	GlobalSection(ProjectConfigurationPlatforms) = postSolution
		{63915C5B-7AB9-49C8-98D9-F11C3F605D42}.Debug|Any CPU.ActiveCfg = Debug|Any CPU
		{63915C5B-7AB9-49C8-98D9-F11C3F605D42}.Debug|Any CPU.Build.0 = Debug|Any CPU
		{63915C5B-7AB9-49C8-98D9-F11C3F605D42}.Release|Any CPU.ActiveCfg = Release|Any CPU
		{63915C5B-7AB9-49C8-98D9-F11C3F605D42}.Release|Any CPU.Build.0 = Release|Any CPU
	EndGlobalSection
	GlobalSection(SolutionProperties) = preSolution
		HideSolutionNode = FALSE
	EndGlobalSection
EndGlobal
